Microsoft Visual Studio Solution File, Format Version 12.00
# Visual Studio Version 17
VisualStudioVersion = 17.5.2.0
MinimumVisualStudioVersion = 10.0.40219.1
Project("{FAE04EC0-301F-11D3-BF4B-00C04F79EFBC}") = "DSA_Lesson3", "DSA_Lesson3.csproj", "{C7BB92AB-D316-DFF5-AE2A-703225001C5F}"
EndProject
Global
	GlobalSection(SolutionConfigurationPlatforms) = preSolution
		Debug|Any CPU = Debug|Any CPU
		Release|Any CPU = Release|Any CPU
	EndGlobalSection
	GlobalSection(ProjectConfigurationPlatforms) = postSolution
		{C7BB92AB-D316-DFF5-AE2A-703225001C5F}.Debug|Any CPU.ActiveCfg = Debug|Any CPU
		{C7BB92AB-D316-DFF5-AE2A-703225001C5F}.Debug|Any CPU.Build.0 = Debug|Any CPU
		{C7BB92AB-D316-DFF5-AE2A-703225001C5F}.Release|Any CPU.ActiveCfg = Release|Any CPU
		{C7BB92AB-D316-DFF5-AE2A-703225001C5F}.Release|Any CPU.Build.0 = Release|Any CPU
	EndGlobalSection
	GlobalSection(SolutionProperties) = preSolution
		HideSolutionNode = FALSE
	EndGlobalSection
	GlobalSection(ExtensibilityGlobals) = postSolution
		SolutionGuid = {4577D77F-29E0-4089-8800-CA78B5B2D269}
	EndGlobalSection
EndGlobal
